// !$*UTF8*$!
{
	archiveVersion = 1;
	classes = {
	};
	objectVersion = 50;
	objects = {

/* Begin PBXBuildFile section */
		8F31363820F3DADF00427F31 /* GoogleService-Info.plist in Resources */ = {isa = PBXBuildFile; fileRef = 8F31363720F3DADF00427F31 /* GoogleService-Info.plist */; };
		8F41BC0820F3D204009992B8 /* AppDelegate.swift in Sources */ = {isa = PBXBuildFile; fileRef = 8F41BC0720F3D204009992B8 /* AppDelegate.swift */; };
		8F41BC0A20F3D204009992B8 /* ViewController.swift in Sources */ = {isa = PBXBuildFile; fileRef = 8F41BC0920F3D204009992B8 /* ViewController.swift */; };
		8F41BC0D20F3D204009992B8 /* Main.storyboard in Resources */ = {isa = PBXBuildFile; fileRef = 8F41BC0B20F3D204009992B8 /* Main.storyboard */; };
		8F41BC0F20F3D204009992B8 /* Assets.xcassets in Resources */ = {isa = PBXBuildFile; fileRef = 8F41BC0E20F3D204009992B8 /* Assets.xcassets */; };
		8F41BC1220F3D204009992B8 /* LaunchScreen.storyboard in Resources */ = {isa = PBXBuildFile; fileRef = 8F41BC1020F3D204009992B8 /* LaunchScreen.storyboard */; };
		8F9515F020F3E519007C904C /* Login.storyboard in Resources */ = {isa = PBXBuildFile; fileRef = 8F9515EF20F3E519007C904C /* Login.storyboard */; };
		8F9515F220F3E610007C904C /* LoginViewController.swift in Sources */ = {isa = PBXBuildFile; fileRef = 8F9515F120F3E610007C904C /* LoginViewController.swift */; };
		8F9515F420F4192D007C904C /* User.swift in Sources */ = {isa = PBXBuildFile; fileRef = 8F9515F320F4192D007C904C /* User.swift */; };
		E79EB40AFA49291394828D35 /* Pods_Makestagram.framework in Frameworks */ = {isa = PBXBuildFile; fileRef = 34C383E4113E8B7629AB1841 /* Pods_Makestagram.framework */; };
/* End PBXBuildFile section */

/* Begin PBXFileReference section */
		34C383E4113E8B7629AB1841 /* Pods_Makestagram.framework */ = {isa = PBXFileReference; explicitFileType = wrapper.framework; includeInIndex = 0; path = Pods_Makestagram.framework; sourceTree = BUILT_PRODUCTS_DIR; };
		84F900B33E1EB253D9C33AE8 /* Pods-Makestagram.release.xcconfig */ = {isa = PBXFileReference; includeInIndex = 1; lastKnownFileType = text.xcconfig; name = "Pods-Makestagram.release.xcconfig"; path = "Pods/Target Support Files/Pods-Makestagram/Pods-Makestagram.release.xcconfig"; sourceTree = "<group>"; };
		8F31363720F3DADF00427F31 /* GoogleService-Info.plist */ = {isa = PBXFileReference; fileEncoding = 4; lastKnownFileType = text.plist.xml; path = "GoogleService-Info.plist"; sourceTree = "<group>"; };
		8F41BC0420F3D204009992B8 /* Makestagram.app */ = {isa = PBXFileReference; explicitFileType = wrapper.application; includeInIndex = 0; path = Makestagram.app; sourceTree = BUILT_PRODUCTS_DIR; };
		8F41BC0720F3D204009992B8 /* AppDelegate.swift */ = {isa = PBXFileReference; lastKnownFileType = sourcecode.swift; path = AppDelegate.swift; sourceTree = "<group>"; };
		8F41BC0920F3D204009992B8 /* ViewController.swift */ = {isa = PBXFileReference; lastKnownFileType = sourcecode.swift; path = ViewController.swift; sourceTree = "<group>"; };
		8F41BC0C20F3D204009992B8 /* Base */ = {isa = PBXFileReference; lastKnownFileType = file.storyboard; name = Base; path = Base.lproj/Main.storyboard; sourceTree = "<group>"; };
		8F41BC0E20F3D204009992B8 /* Assets.xcassets */ = {isa = PBXFileReference; lastKnownFileType = folder.assetcatalog; path = Assets.xcassets; sourceTree = "<group>"; };
		8F41BC1120F3D204009992B8 /* Base */ = {isa = PBXFileReference; lastKnownFileType = file.storyboard; name = Base; path = Base.lproj/LaunchScreen.storyboard; sourceTree = "<group>"; };
		8F41BC1320F3D204009992B8 /* Info.plist */ = {isa = PBXFileReference; lastKnownFileType = text.plist.xml; path = Info.plist; sourceTree = "<group>"; };
		8F9515EF20F3E519007C904C /* Login.storyboard */ = {isa = PBXFileReference; lastKnownFileType = file.storyboard; path = Login.storyboard; sourceTree = "<group>"; };
		8F9515F120F3E610007C904C /* LoginViewController.swift */ = {isa = PBXFileReference; lastKnownFileType = sourcecode.swift; path = LoginViewController.swift; sourceTree = "<group>"; };
		8F9515F320F4192D007C904C /* User.swift */ = {isa = PBXFileReference; lastKnownFileType = sourcecode.swift; path = User.swift; sourceTree = "<group>"; };
		C3E4C1643F69166E5F44E4C0 /* Pods-Makestagram.debug.xcconfig */ = {isa = PBXFileReference; includeInIndex = 1; lastKnownFileType = text.xcconfig; name = "Pods-Makestagram.debug.xcconfig"; path = "Pods/Target Support Files/Pods-Makestagram/Pods-Makestagram.debug.xcconfig"; sourceTree = "<group>"; };
/* End PBXFileReference section */

/* Begin PBXFrameworksBuildPhase section */
		8F41BC0120F3D204009992B8 /* Frameworks */ = {
			isa = PBXFrameworksBuildPhase;
			buildActionMask = 2147483647;
			files = (
				E79EB40AFA49291394828D35 /* Pods_Makestagram.framework in Frameworks */,
			);
			runOnlyForDeploymentPostprocessing = 0;
		};
/* End PBXFrameworksBuildPhase section */

/* Begin PBXGroup section */
		702F97DD759D96D0C8103B2C /* Frameworks */ = {
			isa = PBXGroup;
			children = (
				34C383E4113E8B7629AB1841 /* Pods_Makestagram.framework */,
			);
			name = Frameworks;
			sourceTree = "<group>";
		};
		8F41BBFB20F3D204009992B8 = {
			isa = PBXGroup;
			children = (
				8F41BC0620F3D204009992B8 /* Makestagram */,
				8F41BC0520F3D204009992B8 /* Products */,
				9D1D9F54E0CAB9648C3A96EE /* Pods */,
				702F97DD759D96D0C8103B2C /* Frameworks */,
			);
			sourceTree = "<group>";
		};
		8F41BC0520F3D204009992B8 /* Products */ = {
			isa = PBXGroup;
			children = (
				8F41BC0420F3D204009992B8 /* Makestagram.app */,
			);
			name = Products;
			sourceTree = "<group>";
		};
		8F41BC0620F3D204009992B8 /* Makestagram */ = {
			isa = PBXGroup;
			children = (
				8F9515EE20F3E305007C904C /* Views */,
				8F9515ED20F3E2FD007C904C /* Supporting */,
				8F9515EC20F3E2F2007C904C /* Storyboards */,
				8F9515EB20F3E2E6007C904C /* Services */,
				8F9515EA20F3E2D6007C904C /* Models */,
				8F9515E920F3E2CE007C904C /* Helpers */,
				8F9515E820F3E2C5007C904C /* Extensions */,
				8F9515E720F3E2AA007C904C /* Controllers */,
				8F41BC0720F3D204009992B8 /* AppDelegate.swift */,
				8F41BC0E20F3D204009992B8 /* Assets.xcassets */,
			);
			path = Makestagram;
			sourceTree = "<group>";
		};
		8F9515E720F3E2AA007C904C /* Controllers */ = {
			isa = PBXGroup;
			children = (
				8F41BC0920F3D204009992B8 /* ViewController.swift */,
				8F9515F120F3E610007C904C /* LoginViewController.swift */,
			);
			path = Controllers;
			sourceTree = "<group>";
		};
		8F9515E820F3E2C5007C904C /* Extensions */ = {
			isa = PBXGroup;
			children = (
			);
			path = Extensions;
			sourceTree = "<group>";
		};
		8F9515E920F3E2CE007C904C /* Helpers */ = {
			isa = PBXGroup;
			children = (
			);
			path = Helpers;
			sourceTree = "<group>";
		};
		8F9515EA20F3E2D6007C904C /* Models */ = {
			isa = PBXGroup;
			children = (
				8F9515F320F4192D007C904C /* User.swift */,
			);
			path = Models;
			sourceTree = "<group>";
		};
		8F9515EB20F3E2E6007C904C /* Services */ = {
			isa = PBXGroup;
			children = (
			);
			path = Services;
			sourceTree = "<group>";
		};
		8F9515EC20F3E2F2007C904C /* Storyboards */ = {
			isa = PBXGroup;
			children = (
				8F41BC0B20F3D204009992B8 /* Main.storyboard */,
				8F9515EF20F3E519007C904C /* Login.storyboard */,
				8F41BC1020F3D204009992B8 /* LaunchScreen.storyboard */,
			);
			path = Storyboards;
			sourceTree = "<group>";
		};
		8F9515ED20F3E2FD007C904C /* Supporting */ = {
			isa = PBXGroup;
			children = (
				8F31363720F3DADF00427F31 /* GoogleService-Info.plist */,
				8F41BC1320F3D204009992B8 /* Info.plist */,
			);
			path = Supporting;
			sourceTree = "<group>";
		};
		8F9515EE20F3E305007C904C /* Views */ = {
			isa = PBXGroup;
			children = (
			);
			path = Views;
			sourceTree = "<group>";
		};
		9D1D9F54E0CAB9648C3A96EE /* Pods */ = {
			isa = PBXGroup;
			children = (
				C3E4C1643F69166E5F44E4C0 /* Pods-Makestagram.debug.xcconfig */,
				84F900B33E1EB253D9C33AE8 /* Pods-Makestagram.release.xcconfig */,
			);
			name = Pods;
			sourceTree = "<group>";
		};
/* End PBXGroup section */

/* Begin PBXNativeTarget section */
		8F41BC0320F3D204009992B8 /* Makestagram */ = {
			isa = PBXNativeTarget;
			buildConfigurationList = 8F41BC1620F3D204009992B8 /* Build configuration list for PBXNativeTarget "Makestagram" */;
			buildPhases = (
				ACA561DED8749A75E2E729DA /* [CP] Check Pods Manifest.lock */,
				8F41BC0020F3D204009992B8 /* Sources */,
				8F41BC0120F3D204009992B8 /* Frameworks */,
				8F41BC0220F3D204009992B8 /* Resources */,
				DBF96C54AD47860081E6E347 /* [CP] Embed Pods Frameworks */,
				785972E6499EDB4B67F2A1B2 /* [CP] Copy Pods Resources */,
			);
			buildRules = (
			);
			dependencies = (
			);
			name = Makestagram;
			productName = Makestagram;
			productReference = 8F41BC0420F3D204009992B8 /* Makestagram.app */;
			productType = "com.apple.product-type.application";
		};
/* End PBXNativeTarget section */

/* Begin PBXProject section */
		8F41BBFC20F3D204009992B8 /* Project object */ = {
			isa = PBXProject;
			attributes = {
				LastSwiftUpdateCheck = 0940;
				LastUpgradeCheck = 0940;
				ORGANIZATIONNAME = "Make School";
				TargetAttributes = {
					8F41BC0320F3D204009992B8 = {
						CreatedOnToolsVersion = 9.4.1;
					};
				};
			};
			buildConfigurationList = 8F41BBFF20F3D204009992B8 /* Build configuration list for PBXProject "Makestagram" */;
			compatibilityVersion = "Xcode 9.3";
			developmentRegion = en;
			hasScannedForEncodings = 0;
			knownRegions = (
				en,
				Base,
			);
			mainGroup = 8F41BBFB20F3D204009992B8;
			productRefGroup = 8F41BC0520F3D204009992B8 /* Products */;
			projectDirPath = "";
			projectRoot = "";
			targets = (
				8F41BC0320F3D204009992B8 /* Makestagram */,
			);
		};
/* End PBXProject section */

/* Begin PBXResourcesBuildPhase section */
		8F41BC0220F3D204009992B8 /* Resources */ = {
			isa = PBXResourcesBuildPhase;
			buildActionMask = 2147483647;
			files = (
				8F41BC1220F3D204009992B8 /* LaunchScreen.storyboard in Resources */,
				8F31363820F3DADF00427F31 /* GoogleService-Info.plist in Resources */,
				8F41BC0F20F3D204009992B8 /* Assets.xcassets in Resources */,
				8F9515F020F3E519007C904C /* Login.storyboard in Resources */,
				8F41BC0D20F3D204009992B8 /* Main.storyboard in Resources */,
			);
			runOnlyForDeploymentPostprocessing = 0;
		};
/* End PBXResourcesBuildPhase section */

/* Begin PBXShellScriptBuildPhase section */
		785972E6499EDB4B67F2A1B2 /* [CP] Copy Pods Resources */ = {
			isa = PBXShellScriptBuildPhase;
			buildActionMask = 2147483647;
			files = (
			);
			inputPaths = (
				"${SRCROOT}/Pods/Target Support Files/Pods-Makestagram/Pods-Makestagram-resources.sh",
				"${PODS_CONFIGURATION_BUILD_DIR}/FirebaseUI/FirebaseAuthUI.bundle",
			);
			name = "[CP] Copy Pods Resources";
			outputPaths = (
				"${TARGET_BUILD_DIR}/${UNLOCALIZED_RESOURCES_FOLDER_PATH}/FirebaseAuthUI.bundle",
			);
			runOnlyForDeploymentPostprocessing = 0;
			shellPath = /bin/sh;
			shellScript = "\"${SRCROOT}/Pods/Target Support Files/Pods-Makestagram/Pods-Makestagram-resources.sh\"\n";
			showEnvVarsInLog = 0;
		};
		ACA561DED8749A75E2E729DA /* [CP] Check Pods Manifest.lock */ = {
			isa = PBXShellScriptBuildPhase;
			buildActionMask = 2147483647;
			files = (
			);
			inputPaths = (
				"${PODS_PODFILE_DIR_PATH}/Podfile.lock",
				"${PODS_ROOT}/Manifest.lock",
			);
			name = "[CP] Check Pods Manifest.lock";
			outputPaths = (
				"$(DERIVED_FILE_DIR)/Pods-Makestagram-checkManifestLockResult.txt",
			);
			runOnlyForDeploymentPostprocessing = 0;
			shellPath = /bin/sh;
			shellScript = "diff \"${PODS_PODFILE_DIR_PATH}/Podfile.lock\" \"${PODS_ROOT}/Manifest.lock\" > /dev/null\nif [ $? != 0 ] ; then\n    # print error to STDERR\n    echo \"error: The sandbox is not in sync with the Podfile.lock. Run 'pod install' or update your CocoaPods installation.\" >&2\n    exit 1\nfi\n# This output is used by Xcode 'outputs' to avoid re-running this script phase.\necho \"SUCCESS\" > \"${SCRIPT_OUTPUT_FILE_0}\"\n";
			showEnvVarsInLog = 0;
		};
		DBF96C54AD47860081E6E347 /* [CP] Embed Pods Frameworks */ = {
			isa = PBXShellScriptBuildPhase;
			buildActionMask = 2147483647;
			files = (
			);
			inputPaths = (
				"${SRCROOT}/Pods/Target Support Files/Pods-Makestagram/Pods-Makestagram-frameworks.sh",
				"${BUILT_PRODUCTS_DIR}/GTMSessionFetcher/GTMSessionFetcher.framework",
				"${BUILT_PRODUCTS_DIR}/GoogleToolboxForMac/GoogleToolboxForMac.framework",
				"${BUILT_PRODUCTS_DIR}/leveldb-library/leveldb.framework",
				"${BUILT_PRODUCTS_DIR}/nanopb/nanopb.framework",
			);
			name = "[CP] Embed Pods Frameworks";
			outputPaths = (
				"${TARGET_BUILD_DIR}/${FRAMEWORKS_FOLDER_PATH}/GTMSessionFetcher.framework",
				"${TARGET_BUILD_DIR}/${FRAMEWORKS_FOLDER_PATH}/GoogleToolboxForMac.framework",
				"${TARGET_BUILD_DIR}/${FRAMEWORKS_FOLDER_PATH}/leveldb.framework",
				"${TARGET_BUILD_DIR}/${FRAMEWORKS_FOLDER_PATH}/nanopb.framework",
			);
			runOnlyForDeploymentPostprocessing = 0;
			shellPath = /bin/sh;
			shellScript = "\"${SRCROOT}/Pods/Target Support Files/Pods-Makestagram/Pods-Makestagram-frameworks.sh\"\n";
			showEnvVarsInLog = 0;
		};
/* End PBXShellScriptBuildPhase section */

/* Begin PBXSourcesBuildPhase section */
		8F41BC0020F3D204009992B8 /* Sources */ = {
			isa = PBXSourcesBuildPhase;
			buildActionMask = 2147483647;
			files = (
				8F9515F420F4192D007C904C /* User.swift in Sources */,
				8F9515F220F3E610007C904C /* LoginViewController.swift in Sources */,
				8F41BC0A20F3D204009992B8 /* ViewController.swift in Sources */,
				8F41BC0820F3D204009992B8 /* AppDelegate.swift in Sources */,
			);
			runOnlyForDeploymentPostprocessing = 0;
		};
/* End PBXSourcesBuildPhase section */

/* Begin PBXVariantGroup section */
		8F41BC0B20F3D204009992B8 /* Main.storyboard */ = {
			isa = PBXVariantGroup;
			children = (
				8F41BC0C20F3D204009992B8 /* Base */,
			);
			name = Main.storyboard;
			sourceTree = "<group>";
		};
		8F41BC1020F3D204009992B8 /* LaunchScreen.storyboard */ = {
			isa = PBXVariantGroup;
			children = (
				8F41BC1120F3D204009992B8 /* Base */,
			);
			name = LaunchScreen.storyboard;
			sourceTree = "<group>";
		};
/* End PBXVariantGroup section */

/* Begin XCBuildConfiguration section */
		8F41BC1420F3D204009992B8 /* Debug */ = {
			isa = XCBuildConfiguration;
			buildSettings = {
				ALWAYS_SEARCH_USER_PATHS = NO;
				CLANG_ANALYZER_NONNULL = YES;
				CLANG_ANALYZER_NUMBER_OBJECT_CONVERSION = YES_AGGRESSIVE;
				CLANG_CXX_LANGUAGE_STANDARD = "gnu++14";
				CLANG_CXX_LIBRARY = "libc++";
				CLANG_ENABLE_MODULES = YES;
				CLANG_ENABLE_OBJC_ARC = YES;
				CLANG_ENABLE_OBJC_WEAK = YES;
				CLANG_WARN_BLOCK_CAPTURE_AUTORELEASING = YES;
				CLANG_WARN_BOOL_CONVERSION = YES;
				CLANG_WARN_COMMA = YES;
				CLANG_WARN_CONSTANT_CONVERSION = YES;
				CLANG_WARN_DEPRECATED_OBJC_IMPLEMENTATIONS = YES;
				CLANG_WARN_DIRECT_OBJC_ISA_USAGE = YES_ERROR;
				CLANG_WARN_DOCUMENTATION_COMMENTS = YES;
				CLANG_WARN_EMPTY_BODY = YES;
				CLANG_WARN_ENUM_CONVERSION = YES;
				CLANG_WARN_INFINITE_RECURSION = YES;
				CLANG_WARN_INT_CONVERSION = YES;
				CLANG_WARN_NON_LITERAL_NULL_CONVERSION = YES;
				CLANG_WARN_OBJC_IMPLICIT_RETAIN_SELF = YES;
				CLANG_WARN_OBJC_LITERAL_CONVERSION = YES;
				CLANG_WARN_OBJC_ROOT_CLASS = YES_ERROR;
				CLANG_WARN_RANGE_LOOP_ANALYSIS = YES;
				CLANG_WARN_STRICT_PROTOTYPES = YES;
				CLANG_WARN_SUSPICIOUS_MOVE = YES;
				CLANG_WARN_UNGUARDED_AVAILABILITY = YES_AGGRESSIVE;
				CLANG_WARN_UNREACHABLE_CODE = YES;
				CLANG_WARN__DUPLICATE_METHOD_MATCH = YES;
				CODE_SIGN_IDENTITY = "iPhone Developer";
				COPY_PHASE_STRIP = NO;
				DEBUG_INFORMATION_FORMAT = dwarf;
				ENABLE_STRICT_OBJC_MSGSEND = YES;
				ENABLE_TESTABILITY = YES;
				GCC_C_LANGUAGE_STANDARD = gnu11;
				GCC_DYNAMIC_NO_PIC = NO;
				GCC_NO_COMMON_BLOCKS = YES;
				GCC_OPTIMIZATION_LEVEL = 0;
				GCC_PREPROCESSOR_DEFINITIONS = (
					"DEBUG=1",
					"$(inherited)",
				);
				GCC_WARN_64_TO_32_BIT_CONVERSION = YES;
				GCC_WARN_ABOUT_RETURN_TYPE = YES_ERROR;
				GCC_WARN_UNDECLARED_SELECTOR = YES;
				GCC_WARN_UNINITIALIZED_AUTOS = YES_AGGRESSIVE;
				GCC_WARN_UNUSED_FUNCTION = YES;
				GCC_WARN_UNUSED_VARIABLE = YES;
				IPHONEOS_DEPLOYMENT_TARGET = 11.4;
				MTL_ENABLE_DEBUG_INFO = YES;
				ONLY_ACTIVE_ARCH = YES;
				SDKROOT = iphoneos;
				SWIFT_ACTIVE_COMPILATION_CONDITIONS = DEBUG;
				SWIFT_OPTIMIZATION_LEVEL = "-Onone";
			};
			name = Debug;
		};
		8F41BC1520F3D204009992B8 /* Release */ = {
			isa = XCBuildConfiguration;
			buildSettings = {
				ALWAYS_SEARCH_USER_PATHS = NO;
				CLANG_ANALYZER_NONNULL = YES;
				CLANG_ANALYZER_NUMBER_OBJECT_CONVERSION = YES_AGGRESSIVE;
				CLANG_CXX_LANGUAGE_STANDARD = "gnu++14";
				CLANG_CXX_LIBRARY = "libc++";
				CLANG_ENABLE_MODULES = YES;
				CLANG_ENABLE_OBJC_ARC = YES;
				CLANG_ENABLE_OBJC_WEAK = YES;
				CLANG_WARN_BLOCK_CAPTURE_AUTORELEASING = YES;
				CLANG_WARN_BOOL_CONVERSION = YES;
				CLANG_WARN_COMMA = YES;
				CLANG_WARN_CONSTANT_CONVERSION = YES;
				CLANG_WARN_DEPRECATED_OBJC_IMPLEMENTATIONS = YES;
				CLANG_WARN_DIRECT_OBJC_ISA_USAGE = YES_ERROR;
				CLANG_WARN_DOCUMENTATION_COMMENTS = YES;
				CLANG_WARN_EMPTY_BODY = YES;
				CLANG_WARN_ENUM_CONVERSION = YES;
				CLANG_WARN_INFINITE_RECURSION = YES;
				CLANG_WARN_INT_CONVERSION = YES;
				CLANG_WARN_NON_LITERAL_NULL_CONVERSION = YES;
				CLANG_WARN_OBJC_IMPLICIT_RETAIN_SELF = YES;
				CLANG_WARN_OBJC_LITERAL_CONVERSION = YES;
				CLANG_WARN_OBJC_ROOT_CLASS = YES_ERROR;
				CLANG_WARN_RANGE_LOOP_ANALYSIS = YES;
				CLANG_WARN_STRICT_PROTOTYPES = YES;
				CLANG_WARN_SUSPICIOUS_MOVE = YES;
				CLANG_WARN_UNGUARDED_AVAILABILITY = YES_AGGRESSIVE;
				CLANG_WARN_UNREACHABLE_CODE = YES;
				CLANG_WARN__DUPLICATE_METHOD_MATCH = YES;
				CODE_SIGN_IDENTITY = "iPhone Developer";
				COPY_PHASE_STRIP = NO;
				DEBUG_INFORMATION_FORMAT = "dwarf-with-dsym";
				ENABLE_NS_ASSERTIONS = NO;
				ENABLE_STRICT_OBJC_MSGSEND = YES;
				GCC_C_LANGUAGE_STANDARD = gnu11;
				GCC_NO_COMMON_BLOCKS = YES;
				GCC_WARN_64_TO_32_BIT_CONVERSION = YES;
				GCC_WARN_ABOUT_RETURN_TYPE = YES_ERROR;
				GCC_WARN_UNDECLARED_SELECTOR = YES;
				GCC_WARN_UNINITIALIZED_AUTOS = YES_AGGRESSIVE;
				GCC_WARN_UNUSED_FUNCTION = YES;
				GCC_WARN_UNUSED_VARIABLE = YES;
				IPHONEOS_DEPLOYMENT_TARGET = 11.4;
				MTL_ENABLE_DEBUG_INFO = NO;
				SDKROOT = iphoneos;
				SWIFT_COMPILATION_MODE = wholemodule;
				SWIFT_OPTIMIZATION_LEVEL = "-O";
				VALIDATE_PRODUCT = YES;
			};
			name = Release;
		};
		8F41BC1720F3D204009992B8 /* Debug */ = {
			isa = XCBuildConfiguration;
			baseConfigurationReference = C3E4C1643F69166E5F44E4C0 /* Pods-Makestagram.debug.xcconfig */;
			buildSettings = {
				ASSETCATALOG_COMPILER_APPICON_NAME = AppIcon;
				CODE_SIGN_STYLE = Automatic;
				INFOPLIST_FILE = "$(SRCROOT)/Makestagram/Supporting/Info.plist";
				LD_RUNPATH_SEARCH_PATHS = (
					"$(inherited)",
					"@executable_path/Frameworks",
				);
				PRODUCT_BUNDLE_IDENTIFIER = com.selenasui.Makestagram;
				PRODUCT_NAME = "$(TARGET_NAME)";
				SWIFT_VERSION = 4.0;
				TARGETED_DEVICE_FAMILY = "1,2";
			};
			name = Debug;
		};
		8F41BC1820F3D204009992B8 /* Release */ = {
			isa = XCBuildConfiguration;
			baseConfigurationReference = 84F900B33E1EB253D9C33AE8 /* Pods-Makestagram.release.xcconfig */;
			buildSettings = {
				ASSETCATALOG_COMPILER_APPICON_NAME = AppIcon;
				CODE_SIGN_STYLE = Automatic;
				INFOPLIST_FILE = "$(SRCROOT)/Makestagram/Supporting/Info.plist";
				LD_RUNPATH_SEARCH_PATHS = (
					"$(inherited)",
					"@executable_path/Frameworks",
				);
				PRODUCT_BUNDLE_IDENTIFIER = com.selenasui.Makestagram;
				PRODUCT_NAME = "$(TARGET_NAME)";
				SWIFT_VERSION = 4.0;
				TARGETED_DEVICE_FAMILY = "1,2";
			};
			name = Release;
		};
/* End XCBuildConfiguration section */

/* Begin XCConfigurationList section */
		8F41BBFF20F3D204009992B8 /* Build configuration list for PBXProject "Makestagram" */ = {
			isa = XCConfigurationList;
			buildConfigurations = (
				8F41BC1420F3D204009992B8 /* Debug */,
				8F41BC1520F3D204009992B8 /* Release */,
			);
			defaultConfigurationIsVisible = 0;
			defaultConfigurationName = Release;
		};
		8F41BC1620F3D204009992B8 /* Build configuration list for PBXNativeTarget "Makestagram" */ = {
			isa = XCConfigurationList;
			buildConfigurations = (
				8F41BC1720F3D204009992B8 /* Debug */,
				8F41BC1820F3D204009992B8 /* Release */,
			);
			defaultConfigurationIsVisible = 0;
			defaultConfigurationName = Release;
		};
/* End XCConfigurationList section */
	};
	rootObject = 8F41BBFC20F3D204009992B8 /* Project object */;
}
